{
  "name": "Grammer_correctionApp",
  "lockfileVersion": 2,
  "requires": true,
  "packages": {
    "": {
      "dependencies": {
        "@grammarly/editor-sdk": "^2.3.13"
      }
    },
    "node_modules/@grammarly/editor-sdk": {
      "version": "2.3.13",
      "resolved": "https://registry.npmjs.org/@grammarly/editor-sdk/-/editor-sdk-2.3.13.tgz",
      "integrity": "sha512-w/7jNbvlam4fF4JuJdc2eMSZ0imQdVUNJIzzRTLHALo22gGzfR2vZuZrwnxW4pF+MrusvS3RbpeFvm3aj2CuvA=="
    }
  },
  "dependencies": {
    "@grammarly/editor-sdk": {
      "version": "2.3.13",
      "resolved": "https://registry.npmjs.org/@grammarly/editor-sdk/-/editor-sdk-2.3.13.tgz",
      "integrity": "sha512-w/7jNbvlam4fF4JuJdc2eMSZ0imQdVUNJIzzRTLHALo22gGzfR2vZuZrwnxW4pF+MrusvS3RbpeFvm3aj2CuvA=="
    }
  }
}
